PODS:
  - BSGridCollectionViewLayout (1.2.5)
  - BSImagePicker (2.10.3):
    - BSGridCollectionViewLayout (= 1.2.5)
    - BSImageView (= 1.0.3)
  - BSImageView (1.0.3)
  - Flutter (1.0.0)
  - flutter_pdfview (1.0.2):
    - Flutter
  - image_picker_ios (0.0.1):
    - Flutter
  - multi_image_picker (4.8.00):
    - BSImagePicker (~> 2.10.3)
    - Flutter
  - path_provider_foundation (0.0.1):
    - Flutter
    - FlutterMacOS
  - record (0.0.1):
    - Flutter
  - url_launcher_ios (0.0.1):
    - Flutter

DEPENDENCIES:
  - Flutter (from `Flutter`)
  - flutter_pdfview (from `.symlinks/plugins/flutter_pdfview/ios`)
  - image_picker_ios (from `.symlinks/plugins/image_picker_ios/ios`)
  - multi_image_picker (from `.symlinks/plugins/multi_image_picker/ios`)
  - path_provider_foundation (from `.symlinks/plugins/path_provider_foundation/darwin`)
  - record (from `.symlinks/plugins/record/ios`)
  - url_launcher_ios (from `.symlinks/plugins/url_launcher_ios/ios`)

SPEC REPOS:
  trunk:
    - BSGridCollectionViewLayout
    - BSImagePicker
    - BSImageView

EXTERNAL SOURCES:
  Flutter:
    :path: Flutter
  flutter_pdfview:
    :path: ".symlinks/plugins/flutter_pdfview/ios"
  image_picker_ios:
    :path: ".symlinks/plugins/image_picker_ios/ios"
  multi_image_picker:
    :path: ".symlinks/plugins/multi_image_picker/ios"
  path_provider_foundation:
    :path: ".symlinks/plugins/path_provider_foundation/darwin"
  record:
    :path: ".symlinks/plugins/record/ios"
  url_launcher_ios:
    :path: ".symlinks/plugins/url_launcher_ios/ios"

SPEC CHECKSUMS:
  BSGridCollectionViewLayout: 333dcb457a5a3bdd9212607ab5756553dcfe06cb
  BSImagePicker: 07404254f2fcdaf5a2eb403c0f8c337267ce8738
  BSImageView: a149459433a2687157d034c78e059d30ac7f2544
  Flutter: f04841e97a9d0b0a8025694d0796dd46242b2854
  flutter_pdfview: 25f53dd6097661e6395b17de506e6060585946bd
  image_picker_ios: 4a8aadfbb6dc30ad5141a2ce3832af9214a705b5
  multi_image_picker: 443e776a762d7901641854043b60abf88a85d5ef
  path_provider_foundation: 29f094ae23ebbca9d3d0cec13889cd9060c0e943
  record: cae05d8dd3cdb1dea3511b20e5a5811a1ae00d0d
  url_launcher_ios: 08a3dfac5fb39e8759aeb0abbd5d9480f30fc8b4

PODFILE CHECKSUM: 70d9d25280d0dd177a5f637cdb0f0b0b12c6a189

COCOAPODS: 1.12.1
